
Microsoft Visual Studio Solution File, Format Version 12.00
# Visual Studio 15
VisualStudioVersion = 15.0.26124.0
MinimumVisualStudioVersion = 15.0.26124.0
Project("{FAE04EC0-301F-11D3-BF4B-00C04F79EFBC}") = "Persitence", "Persitence\Persitence.csproj", "{12E87F49-EB58-4AE5-9B74-77DD332CDD6A}"
EndProject
Project("{FAE04EC0-301F-11D3-BF4B-00C04F79EFBC}") = "DAL", "DAL\DAL.csproj", "{B7E71922-7FE8-4B03-BFC3-0C5138A20179}"
EndProject
Project("{FAE04EC0-301F-11D3-BF4B-00C04F79EFBC}") = "DAL.Test", "DAL.Test\DAL.Test.csproj", "{1107522A-CCA9-4682-B2F2-A8069325CC17}"
EndProject
Project("{FAE04EC0-301F-11D3-BF4B-00C04F79EFBC}") = "PL", "PL\PL.csproj", "{63D4D2E5-575F-4DF2-B224-CBB9CE30863E}"
EndProject
Project("{FAE04EC0-301F-11D3-BF4B-00C04F79EFBC}") = "BL.Test", "BL.Test\BL.Test.csproj", "{2FF01A16-731D-422B-9636-209B5F6CACFE}"
EndProject
Project("{FAE04EC0-301F-11D3-BF4B-00C04F79EFBC}") = "BL", "BL\BL.csproj", "{23A3DE92-E097-426C-A291-A1ED33BAD61B}"
EndProject
Global
	GlobalSection(SolutionConfigurationPlatforms) = preSolution
		Debug|Any CPU = Debug|Any CPU
		Debug|x64 = Debug|x64
		Debug|x86 = Debug|x86
		Release|Any CPU = Release|Any CPU
		Release|x64 = Release|x64
		Release|x86 = Release|x86
	EndGlobalSection
	GlobalSection(SolutionProperties) = preSolution
		HideSolutionNode = FALSE
	EndGlobalSection
	GlobalSection(ProjectConfigurationPlatforms) = postSolution
		{12E87F49-EB58-4AE5-9B74-77DD332CDD6A}.Debug|Any CPU.ActiveCfg = Debug|Any CPU
		{12E87F49-EB58-4AE5-9B74-77DD332CDD6A}.Debug|Any CPU.Build.0 = Debug|Any CPU
		{12E87F49-EB58-4AE5-9B74-77DD332CDD6A}.Debug|x64.ActiveCfg = Debug|x64
		{12E87F49-EB58-4AE5-9B74-77DD332CDD6A}.Debug|x64.Build.0 = Debug|x64
		{12E87F49-EB58-4AE5-9B74-77DD332CDD6A}.Debug|x86.ActiveCfg = Debug|x86
		{12E87F49-EB58-4AE5-9B74-77DD332CDD6A}.Debug|x86.Build.0 = Debug|x86
		{12E87F49-EB58-4AE5-9B74-77DD332CDD6A}.Release|Any CPU.ActiveCfg = Release|Any CPU
		{12E87F49-EB58-4AE5-9B74-77DD332CDD6A}.Release|Any CPU.Build.0 = Release|Any CPU
		{12E87F49-EB58-4AE5-9B74-77DD332CDD6A}.Release|x64.ActiveCfg = Release|x64
		{12E87F49-EB58-4AE5-9B74-77DD332CDD6A}.Release|x64.Build.0 = Release|x64
		{12E87F49-EB58-4AE5-9B74-77DD332CDD6A}.Release|x86.ActiveCfg = Release|x86
		{12E87F49-EB58-4AE5-9B74-77DD332CDD6A}.Release|x86.Build.0 = Release|x86
		{B7E71922-7FE8-4B03-BFC3-0C5138A20179}.Debug|Any CPU.ActiveCfg = Debug|Any CPU
		{B7E71922-7FE8-4B03-BFC3-0C5138A20179}.Debug|Any CPU.Build.0 = Debug|Any CPU
		{B7E71922-7FE8-4B03-BFC3-0C5138A20179}.Debug|x64.ActiveCfg = Debug|x64
		{B7E71922-7FE8-4B03-BFC3-0C5138A20179}.Debug|x64.Build.0 = Debug|x64
		{B7E71922-7FE8-4B03-BFC3-0C5138A20179}.Debug|x86.ActiveCfg = Debug|x86
		{B7E71922-7FE8-4B03-BFC3-0C5138A20179}.Debug|x86.Build.0 = Debug|x86
		{B7E71922-7FE8-4B03-BFC3-0C5138A20179}.Release|Any CPU.ActiveCfg = Release|Any CPU
		{B7E71922-7FE8-4B03-BFC3-0C5138A20179}.Release|Any CPU.Build.0 = Release|Any CPU
		{B7E71922-7FE8-4B03-BFC3-0C5138A20179}.Release|x64.ActiveCfg = Release|x64
		{B7E71922-7FE8-4B03-BFC3-0C5138A20179}.Release|x64.Build.0 = Release|x64
		{B7E71922-7FE8-4B03-BFC3-0C5138A20179}.Release|x86.ActiveCfg = Release|x86
		{B7E71922-7FE8-4B03-BFC3-0C5138A20179}.Release|x86.Build.0 = Release|x86
		{1107522A-CCA9-4682-B2F2-A8069325CC17}.Debug|Any CPU.ActiveCfg = Debug|Any CPU
		{1107522A-CCA9-4682-B2F2-A8069325CC17}.Debug|Any CPU.Build.0 = Debug|Any CPU
		{1107522A-CCA9-4682-B2F2-A8069325CC17}.Debug|x64.ActiveCfg = Debug|x64
		{1107522A-CCA9-4682-B2F2-A8069325CC17}.Debug|x64.Build.0 = Debug|x64
		{1107522A-CCA9-4682-B2F2-A8069325CC17}.Debug|x86.ActiveCfg = Debug|x86
		{1107522A-CCA9-4682-B2F2-A8069325CC17}.Debug|x86.Build.0 = Debug|x86
		{1107522A-CCA9-4682-B2F2-A8069325CC17}.Release|Any CPU.ActiveCfg = Release|Any CPU
		{1107522A-CCA9-4682-B2F2-A8069325CC17}.Release|Any CPU.Build.0 = Release|Any CPU
		{1107522A-CCA9-4682-B2F2-A8069325CC17}.Release|x64.ActiveCfg = Release|x64
		{1107522A-CCA9-4682-B2F2-A8069325CC17}.Release|x64.Build.0 = Release|x64
		{1107522A-CCA9-4682-B2F2-A8069325CC17}.Release|x86.ActiveCfg = Release|x86
		{1107522A-CCA9-4682-B2F2-A8069325CC17}.Release|x86.Build.0 = Release|x86
		{63D4D2E5-575F-4DF2-B224-CBB9CE30863E}.Debug|Any CPU.ActiveCfg = Debug|Any CPU
		{63D4D2E5-575F-4DF2-B224-CBB9CE30863E}.Debug|Any CPU.Build.0 = Debug|Any CPU
		{63D4D2E5-575F-4DF2-B224-CBB9CE30863E}.Debug|x64.ActiveCfg = Debug|x64
		{63D4D2E5-575F-4DF2-B224-CBB9CE30863E}.Debug|x64.Build.0 = Debug|x64
		{63D4D2E5-575F-4DF2-B224-CBB9CE30863E}.Debug|x86.ActiveCfg = Debug|x86
		{63D4D2E5-575F-4DF2-B224-CBB9CE30863E}.Debug|x86.Build.0 = Debug|x86
		{63D4D2E5-575F-4DF2-B224-CBB9CE30863E}.Release|Any CPU.ActiveCfg = Release|Any CPU
		{63D4D2E5-575F-4DF2-B224-CBB9CE30863E}.Release|Any CPU.Build.0 = Release|Any CPU
		{63D4D2E5-575F-4DF2-B224-CBB9CE30863E}.Release|x64.ActiveCfg = Release|x64
		{63D4D2E5-575F-4DF2-B224-CBB9CE30863E}.Release|x64.Build.0 = Release|x64
		{63D4D2E5-575F-4DF2-B224-CBB9CE30863E}.Release|x86.ActiveCfg = Release|x86
		{63D4D2E5-575F-4DF2-B224-CBB9CE30863E}.Release|x86.Build.0 = Release|x86
		{2FF01A16-731D-422B-9636-209B5F6CACFE}.Debug|Any CPU.ActiveCfg = Debug|Any CPU
		{2FF01A16-731D-422B-9636-209B5F6CACFE}.Debug|Any CPU.Build.0 = Debug|Any CPU
		{2FF01A16-731D-422B-9636-209B5F6CACFE}.Debug|x64.ActiveCfg = Debug|x64
		{2FF01A16-731D-422B-9636-209B5F6CACFE}.Debug|x64.Build.0 = Debug|x64
		{2FF01A16-731D-422B-9636-209B5F6CACFE}.Debug|x86.ActiveCfg = Debug|x86
		{2FF01A16-731D-422B-9636-209B5F6CACFE}.Debug|x86.Build.0 = Debug|x86
		{2FF01A16-731D-422B-9636-209B5F6CACFE}.Release|Any CPU.ActiveCfg = Release|Any CPU
		{2FF01A16-731D-422B-9636-209B5F6CACFE}.Release|Any CPU.Build.0 = Release|Any CPU
		{2FF01A16-731D-422B-9636-209B5F6CACFE}.Release|x64.ActiveCfg = Release|x64
		{2FF01A16-731D-422B-9636-209B5F6CACFE}.Release|x64.Build.0 = Release|x64
		{2FF01A16-731D-422B-9636-209B5F6CACFE}.Release|x86.ActiveCfg = Release|x86
		{2FF01A16-731D-422B-9636-209B5F6CACFE}.Release|x86.Build.0 = Release|x86
		{23A3DE92-E097-426C-A291-A1ED33BAD61B}.Debug|Any CPU.ActiveCfg = Debug|Any CPU
		{23A3DE92-E097-426C-A291-A1ED33BAD61B}.Debug|Any CPU.Build.0 = Debug|Any CPU
		{23A3DE92-E097-426C-A291-A1ED33BAD61B}.Debug|x64.ActiveCfg = Debug|x64
		{23A3DE92-E097-426C-A291-A1ED33BAD61B}.Debug|x64.Build.0 = Debug|x64
		{23A3DE92-E097-426C-A291-A1ED33BAD61B}.Debug|x86.ActiveCfg = Debug|x86
		{23A3DE92-E097-426C-A291-A1ED33BAD61B}.Debug|x86.Build.0 = Debug|x86
		{23A3DE92-E097-426C-A291-A1ED33BAD61B}.Release|Any CPU.ActiveCfg = Release|Any CPU
		{23A3DE92-E097-426C-A291-A1ED33BAD61B}.Release|Any CPU.Build.0 = Release|Any CPU
		{23A3DE92-E097-426C-A291-A1ED33BAD61B}.Release|x64.ActiveCfg = Release|x64
		{23A3DE92-E097-426C-A291-A1ED33BAD61B}.Release|x64.Build.0 = Release|x64
		{23A3DE92-E097-426C-A291-A1ED33BAD61B}.Release|x86.ActiveCfg = Release|x86
		{23A3DE92-E097-426C-A291-A1ED33BAD61B}.Release|x86.Build.0 = Release|x86
	EndGlobalSection
EndGlobal
